
Microsoft Visual Studio Solution File, Format Version 12.00
# Visual Studio Version 17
VisualStudioVersion = 17.9.34607.119
MinimumVisualStudioVersion = 10.0.40219.1
Project("{FAE04EC0-301F-11D3-BF4B-00C04F79EFBC}") = "Zadanie 8 - Chain of Responsibility", "Zadanie 8 - Chain of Responsibility\Zadanie 8 - Chain of Responsibility.csproj", "{C2D44847-8C7C-4F5A-BDFE-4071AECE4A01}"
EndProject
Global
	GlobalSection(SolutionConfigurationPlatforms) = preSolution
		Debug|Any CPU = Debug|Any CPU
		Release|Any CPU = Release|Any CPU
	EndGlobalSection
	GlobalSection(ProjectConfigurationPlatforms) = postSolution
		{C2D44847-8C7C-4F5A-BDFE-4071AECE4A01}.Debug|Any CPU.ActiveCfg = Debug|Any CPU
		{C2D44847-8C7C-4F5A-BDFE-4071AECE4A01}.Debug|Any CPU.Build.0 = Debug|Any CPU
		{C2D44847-8C7C-4F5A-BDFE-4071AECE4A01}.Release|Any CPU.ActiveCfg = Release|Any CPU
		{C2D44847-8C7C-4F5A-BDFE-4071AECE4A01}.Release|Any CPU.Build.0 = Release|Any CPU
	EndGlobalSection
	GlobalSection(SolutionProperties) = preSolution
		HideSolutionNode = FALSE
	EndGlobalSection
	GlobalSection(ExtensibilityGlobals) = postSolution
		SolutionGuid = {F12C4458-EDC5-4C59-B8AC-6CA9558A42BC}
	EndGlobalSection
EndGlobal
